
Microsoft Visual Studio Solution File, Format Version 12.00
# Visual Studio Version 17
VisualStudioVersion = 17.8.34309.116
MinimumVisualStudioVersion = 10.0.40219.1
Project("{FAE04EC0-301F-11D3-BF4B-00C04F79EFBC}") = "jwtIdentityconfig", "WebApplication4\jwtIdentityconfig.csproj", "{BD259A94-A2F6-4374-A166-B0993D8B468F}"
EndProject
Global
	GlobalSection(SolutionConfigurationPlatforms) = preSolution
		Debug|Any CPU = Debug|Any CPU
		Release|Any CPU = Release|Any CPU
	EndGlobalSection
	GlobalSection(ProjectConfigurationPlatforms) = postSolution
		{BD259A94-A2F6-4374-A166-B0993D8B468F}.Debug|Any CPU.ActiveCfg = Debug|Any CPU
		{BD259A94-A2F6-4374-A166-B0993D8B468F}.Debug|Any CPU.Build.0 = Debug|Any CPU
		{BD259A94-A2F6-4374-A166-B0993D8B468F}.Release|Any CPU.ActiveCfg = Release|Any CPU
		{BD259A94-A2F6-4374-A166-B0993D8B468F}.Release|Any CPU.Build.0 = Release|Any CPU
	EndGlobalSection
	GlobalSection(SolutionProperties) = preSolution
		HideSolutionNode = FALSE
	EndGlobalSection
	GlobalSection(ExtensibilityGlobals) = postSolution
		SolutionGuid = {A46B6AD1-D957-45FA-AC91-89A977E01B50}
	EndGlobalSection
EndGlobal
